
Microsoft Visual Studio Solution File, Format Version 12.00
# Visual Studio Version 16
VisualStudioVersion = 16.0.29509.3
MinimumVisualStudioVersion = 10.0.40219.1
Project("{CC5FD16D-436D-48AD-A40C-5A424C6E3E79}") = "PizzaDelieveryService", "PizzaDelieveryService\PizzaDelieveryService.ccproj", "{63326591-2291-493A-AA3A-D4BB2DFDDAA5}"
EndProject
Project("{FAE04EC0-301F-11D3-BF4B-00C04F79EFBC}") = "PizzaDelieveryWebRole", "WebRole1\PizzaDelieveryWebRole.csproj", "{63AC252A-333E-44BA-B684-AB75AF90EF52}"
EndProject
Global
	GlobalSection(SolutionConfigurationPlatforms) = preSolution
		Debug|Any CPU = Debug|Any CPU
		Release|Any CPU = Release|Any CPU
	EndGlobalSection
	GlobalSection(ProjectConfigurationPlatforms) = postSolution
		{63326591-2291-493A-AA3A-D4BB2DFDDAA5}.Debug|Any CPU.ActiveCfg = Debug|Any CPU
		{63326591-2291-493A-AA3A-D4BB2DFDDAA5}.Debug|Any CPU.Build.0 = Debug|Any CPU
		{63326591-2291-493A-AA3A-D4BB2DFDDAA5}.Release|Any CPU.ActiveCfg = Release|Any CPU
		{63326591-2291-493A-AA3A-D4BB2DFDDAA5}.Release|Any CPU.Build.0 = Release|Any CPU
		{63AC252A-333E-44BA-B684-AB75AF90EF52}.Debug|Any CPU.ActiveCfg = Debug|Any CPU
		{63AC252A-333E-44BA-B684-AB75AF90EF52}.Debug|Any CPU.Build.0 = Debug|Any CPU
		{63AC252A-333E-44BA-B684-AB75AF90EF52}.Release|Any CPU.ActiveCfg = Release|Any CPU
		{63AC252A-333E-44BA-B684-AB75AF90EF52}.Release|Any CPU.Build.0 = Release|Any CPU
	EndGlobalSection
	GlobalSection(SolutionProperties) = preSolution
		HideSolutionNode = FALSE
	EndGlobalSection
	GlobalSection(ExtensibilityGlobals) = postSolution
		SolutionGuid = {A5D2FF6D-99A8-43EA-B276-C6FD27998F26}
	EndGlobalSection
EndGlobal
